{
  "name": "spring-shell-e2e",
  "version": "2.1.0",
  "lockfileVersion": 2,
  "requires": true,
  "packages": {
    "": {
      "name": "spring-shell-e2e",
      "version": "2.1.0",
      "license": "ISC",
      "dependencies": {
        "node-pty": "0.11.0-beta19",
        "xterm-headless": "^4.18.0"
      },
      "devDependencies": {
        "@types/node": "^18.11.9",
        "prettier": "^2.6.2",
        "typescript": "^4.6.4"
      }
    },
    "node_modules/@types/node": {
      "version": "18.11.9",
      "resolved": "https://registry.npmjs.org/@types/node/-/node-18.11.9.tgz",
      "integrity": "sha512-CRpX21/kGdzjOpFsZSkcrXMGIBWMGNIHXXBVFSH+ggkftxg+XYP20TESbh+zFvFj3EQOl5byk0HTRn1IL6hbqg==",
      "dev": true
    },
    "node_modules/nan": {
      "version": "2.15.0",
      "resolved": "https://registry.npmjs.org/nan/-/nan-2.15.0.tgz",
      "integrity": "sha512-8ZtvEnA2c5aYCZYd1cvgdnU6cqwixRoYg70xPLWUws5ORTa/lnw+u4amixRS/Ac5U5mQVgp9pnlSUnbNWFaWZQ=="
    },
    "node_modules/node-pty": {
      "version": "0.11.0-beta19",
      "resolved": "https://registry.npmjs.org/node-pty/-/node-pty-0.11.0-beta19.tgz",
      "integrity": "sha512-1cdUx15rCVYEcvOvqNRO4S52vYM9mnFyTAceut+lW8/+YWcYQl1TQ3naDqtWHDcVjZI/FbDX1j4iQFwypmJSLQ==",
      "hasInstallScript": true,
      "dependencies": {
        "nan": "^2.14.0"
      },
      "peerDependencies": {
        "node-gyp": "^8.3.0"
      }
    },
    "node_modules/prettier": {
      "version": "2.6.2",
      "resolved": "https://registry.npmjs.org/prettier/-/prettier-2.6.2.tgz",
      "integrity": "sha512-PkUpF+qoXTqhOeWL9fu7As8LXsIUZ1WYaJiY/a7McAQzxjk82OF0tibkFXVCDImZtWxbvojFjerkiLb0/q8mew==",
      "dev": true,
      "bin": {
        "prettier": "bin-prettier.js"
      },
      "engines": {
        "node": ">=10.13.0"
      },
      "funding": {
        "url": "https://github.com/prettier/prettier?sponsor=1"
      }
    },
    "node_modules/typescript": {
      "version": "4.6.4",
      "resolved": "https://registry.npmjs.org/typescript/-/typescript-4.6.4.tgz",
      "integrity": "sha512-9ia/jWHIEbo49HfjrLGfKbZSuWo9iTMwXO+Ca3pRsSpbsMbc7/IU8NKdCZVRRBafVPGnoJeFL76ZOAA84I9fEg==",
      "dev": true,
      "bin": {
        "tsc": "bin/tsc",
        "tsserver": "bin/tsserver"
      },
      "engines": {
        "node": ">=4.2.0"
      }
    },
    "node_modules/xterm-headless": {
      "version": "4.18.0",
      "resolved": "https://registry.npmjs.org/xterm-headless/-/xterm-headless-4.18.0.tgz",
      "integrity": "sha512-VwSPG2cyVOwesVVLBVrybYNY6cUMiVkD2fLnIXcBs/1iJ3M7bhD3lP9HdQOHGtOkbxV2Duf7MZNmEfngBXL/iQ=="
    }
  },
  "dependencies": {
    "@types/node": {
      "version": "18.11.9",
      "resolved": "https://registry.npmjs.org/@types/node/-/node-18.11.9.tgz",
      "integrity": "sha512-CRpX21/kGdzjOpFsZSkcrXMGIBWMGNIHXXBVFSH+ggkftxg+XYP20TESbh+zFvFj3EQOl5byk0HTRn1IL6hbqg==",
      "dev": true
    },
    "nan": {
      "version": "2.15.0",
      "resolved": "https://registry.npmjs.org/nan/-/nan-2.15.0.tgz",
      "integrity": "sha512-8ZtvEnA2c5aYCZYd1cvgdnU6cqwixRoYg70xPLWUws5ORTa/lnw+u4amixRS/Ac5U5mQVgp9pnlSUnbNWFaWZQ=="
    },
    "node-pty": {
      "version": "0.11.0-beta19",
      "resolved": "https://registry.npmjs.org/node-pty/-/node-pty-0.11.0-beta19.tgz",
      "integrity": "sha512-1cdUx15rCVYEcvOvqNRO4S52vYM9mnFyTAceut+lW8/+YWcYQl1TQ3naDqtWHDcVjZI/FbDX1j4iQFwypmJSLQ==",
      "requires": {
        "nan": "^2.14.0"
      }
    },
    "prettier": {
      "version": "2.6.2",
      "resolved": "https://registry.npmjs.org/prettier/-/prettier-2.6.2.tgz",
      "integrity": "sha512-PkUpF+qoXTqhOeWL9fu7As8LXsIUZ1WYaJiY/a7McAQzxjk82OF0tibkFXVCDImZtWxbvojFjerkiLb0/q8mew==",
      "dev": true
    },
    "typescript": {
      "version": "4.6.4",
      "resolved": "https://registry.npmjs.org/typescript/-/typescript-4.6.4.tgz",
      "integrity": "sha512-9ia/jWHIEbo49HfjrLGfKbZSuWo9iTMwXO+Ca3pRsSpbsMbc7/IU8NKdCZVRRBafVPGnoJeFL76ZOAA84I9fEg==",
      "dev": true
    },
    "xterm-headless": {
      "version": "4.18.0",
      "resolved": "https://registry.npmjs.org/xterm-headless/-/xterm-headless-4.18.0.tgz",
      "integrity": "sha512-VwSPG2cyVOwesVVLBVrybYNY6cUMiVkD2fLnIXcBs/1iJ3M7bhD3lP9HdQOHGtOkbxV2Duf7MZNmEfngBXL/iQ=="
    }
  }
}
